
Microsoft Visual Studio Solution File, Format Version 12.00
# Visual Studio Version 16
VisualStudioVersion = 16.0.30503.244
MinimumVisualStudioVersion = 10.0.40219.1
Project("{FAE04EC0-301F-11D3-BF4B-00C04F79EFBC}") = "BrainWorks.ATM.Data", "BrainWorks.ATM.Data\BrainWorks.ATM.Data.csproj", "{FA1FBD2B-28A6-4FAF-94A7-0E25E6E77A1B}"
EndProject
Global
	GlobalSection(SolutionConfigurationPlatforms) = preSolution
		Debug|Any CPU = Debug|Any CPU
		Release|Any CPU = Release|Any CPU
	EndGlobalSection
	GlobalSection(ProjectConfigurationPlatforms) = postSolution
		{FA1FBD2B-28A6-4FAF-94A7-0E25E6E77A1B}.Debug|Any CPU.ActiveCfg = Debug|Any CPU
		{FA1FBD2B-28A6-4FAF-94A7-0E25E6E77A1B}.Debug|Any CPU.Build.0 = Debug|Any CPU
		{FA1FBD2B-28A6-4FAF-94A7-0E25E6E77A1B}.Release|Any CPU.ActiveCfg = Release|Any CPU
		{FA1FBD2B-28A6-4FAF-94A7-0E25E6E77A1B}.Release|Any CPU.Build.0 = Release|Any CPU
	EndGlobalSection
	GlobalSection(SolutionProperties) = preSolution
		HideSolutionNode = FALSE
	EndGlobalSection
	GlobalSection(ExtensibilityGlobals) = postSolution
		SolutionGuid = {11CF4F05-6CF3-41A5-B674-15232A334C7B}
	EndGlobalSection
EndGlobal
